
Microsoft Visual Studio Solution File, Format Version 12.00
# Visual Studio Version 17
VisualStudioVersion = 17.5.002.0
MinimumVisualStudioVersion = 10.0.40219.1
Project("{2150E333-8FDC-42A3-9474-1A3956D46DE8}") = "OOp", "OOp", "{2EE75C73-7667-46EE-9B86-288D2F68FDC9}"
EndProject
Project("{9A19103F-16F7-4668-BE54-9A1E7A4F7556}") = "baitoandemso", "OOp\baitoandemso\baitoandemso.csproj", "{FBC4E7C7-331D-4A21-9605-CA8F4C1CF6C2}"
EndProject
Project("{9A19103F-16F7-4668-BE54-9A1E7A4F7556}") = "bai_ktra", "OOp\bai_ktra\bai_ktra.csproj", "{81D57E6A-AFD5-42DB-BA24-1F62EE4DF7E7}"
EndProject
Project("{9A19103F-16F7-4668-BE54-9A1E7A4F7556}") = "demoSinhVien", "OOp\demoSinhVien\demoSinhVien.csproj", "{AC73F4B9-3BA1-4097-9653-BD34F2011C01}"
EndProject
Project("{9A19103F-16F7-4668-BE54-9A1E7A4F7556}") = "Vd1", "OOp\Vd1\Vd1.csproj", "{BACFABBE-D8D1-416E-B03C-88B29D32D1E0}"
EndProject
Project("{2150E333-8FDC-42A3-9474-1A3956D46DE8}") = "Chuong1", "Chuong1", "{260755E3-746F-4437-8F8A-CC38E6684D93}"
EndProject
Project("{9A19103F-16F7-4668-BE54-9A1E7A4F7556}") = "bai10_ggclass", "OOp\Chuong1\bai10_ggclass\bai10_ggclass.csproj", "{ED311228-BF2B-475B-B635-3AA6C7A73571}"
EndProject
Project("{9A19103F-16F7-4668-BE54-9A1E7A4F7556}") = "bai11_ggclass", "OOp\Chuong1\bai11_ggclass\bai11_ggclass.csproj", "{F89E2F22-2578-43FD-B02C-83AD284C097E}"
EndProject
Project("{9A19103F-16F7-4668-BE54-9A1E7A4F7556}") = "bai12_ggclass", "OOp\Chuong1\bai12_ggclass\bai12_ggclass.csproj", "{BE112CAB-28F2-41F5-BDC8-C8CA52C501C3}"
EndProject
Project("{9A19103F-16F7-4668-BE54-9A1E7A4F7556}") = "bai3_ggclass", "OOp\Chuong1\bai3_ggclass\bai3_ggclass.csproj", "{1F6DED70-EFB1-4FD0-B750-CF3B1D936A49}"
EndProject
Project("{9A19103F-16F7-4668-BE54-9A1E7A4F7556}") = "bai4_ggclass", "OOp\Chuong1\bai4_ggclass\bai4_ggclass.csproj", "{AA43ACC5-1E1C-441B-AF01-56D4EF8B113F}"
EndProject
Project("{9A19103F-16F7-4668-BE54-9A1E7A4F7556}") = "bai5_ggclass", "OOp\Chuong1\bai5_ggclass\bai5_ggclass.csproj", "{106EF2A2-9B80-4FE1-B079-77B1AF20DFB2}"
EndProject
Project("{9A19103F-16F7-4668-BE54-9A1E7A4F7556}") = "bai5678910_ggclass", "OOp\Chuong1\bai6_ggclass\bai5678910_ggclass.csproj", "{E3F594EC-BA2B-4796-BAB4-B2DC94573007}"
EndProject
Project("{9A19103F-16F7-4668-BE54-9A1E7A4F7556}") = "bai7_ggclass", "OOp\Chuong1\bai7_ggclass\bai7_ggclass.csproj", "{E3D075E7-61D4-4CC7-9A8C-38A244429AF8}"
EndProject
Project("{9A19103F-16F7-4668-BE54-9A1E7A4F7556}") = "bai8_ggclass", "OOp\Chuong1\bai8_ggclass\bai8_ggclass.csproj", "{7458A3FE-EE01-4588-8B9A-76F5A2EEE36E}"
EndProject
Project("{9A19103F-16F7-4668-BE54-9A1E7A4F7556}") = "bai9_ggclass", "OOp\Chuong1\bai9_ggclass\bai9_ggclass.csproj", "{85235963-FF75-4A95-B476-7AC5B5159A78}"
EndProject
Project("{2150E333-8FDC-42A3-9474-1A3956D46DE8}") = "Chuong2", "Chuong2", "{0D6A698C-2BE7-4F6A-8FE4-F40125EF23E1}"
EndProject
Project("{9A19103F-16F7-4668-BE54-9A1E7A4F7556}") = "baitapChuong2", "OOp\Chuong2\baitapChuong2\baitapChuong2.csproj", "{33D49D2C-CFBE-46AD-AF61-4042D0FDB468}"
EndProject
Project("{9A19103F-16F7-4668-BE54-9A1E7A4F7556}") = "nhap", "OOp\Chuong2\nhap\nhap.csproj", "{F37224BF-A390-4034-B062-A12E6CA423EE}"
EndProject
Project("{2150E333-8FDC-42A3-9474-1A3956D46DE8}") = "Chuong3", "Chuong3", "{BF084EB4-616D-408F-98FE-17E62B109B9C}"
EndProject
Project("{9A19103F-16F7-4668-BE54-9A1E7A4F7556}") = "bai1", "OOp\Chuong3\bai1\bai1.csproj", "{361442AB-6B8F-4177-B04C-6F7820A97545}"
EndProject
Project("{9A19103F-16F7-4668-BE54-9A1E7A4F7556}") = "bai2", "OOp\Chuong3\bai2\bai2.csproj", "{D0A69158-64B2-42B2-A40B-572922F61EDE}"
EndProject
Project("{9A19103F-16F7-4668-BE54-9A1E7A4F7556}") = "bai3", "OOp\Chuong3\bai3\bai3.csproj", "{0FBFEC24-30E0-4125-BA1A-002859F7F1AD}"
EndProject
Project("{9A19103F-16F7-4668-BE54-9A1E7A4F7556}") = "bai4", "OOp\Chuong3\bai4\bai4.csproj", "{371699CD-B549-4423-816F-96D4967F88A7}"
EndProject
Project("{2150E333-8FDC-42A3-9474-1A3956D46DE8}") = "Tuan2", "Tuan2", "{47000DF6-B901-4BE6-8894-DCFCD9E0338D}"
EndProject
Project("{9A19103F-16F7-4668-BE54-9A1E7A4F7556}") = "baitaptuan2_mang", "OOp\Tuan2\baitaptuan2_mang_bai1\baitaptuan2_mang.csproj", "{C597CC6B-7A46-4B5C-A11A-3009721BF812}"
EndProject
Project("{9A19103F-16F7-4668-BE54-9A1E7A4F7556}") = "baitaptuan2_mang_bai2", "OOp\Tuan2\baitaptuan2_mang_bai2\baitaptuan2_mang_bai2.csproj", "{E282DE7D-7EA1-4FE5-BA75-E854889970A5}"
EndProject
Project("{2150E333-8FDC-42A3-9474-1A3956D46DE8}") = "Tuan3", "Tuan3", "{080C09EE-7E22-418D-85FB-784F9DC8DCCF}"
EndProject
Project("{9A19103F-16F7-4668-BE54-9A1E7A4F7556}") = "Bai_tap_tuan2_Dice", "OOp\Tuan3\Dice\Bai_tap_tuan2_Dice.csproj", "{82890739-5174-4720-B9C6-4215430229C0}"
EndProject
Project("{9A19103F-16F7-4668-BE54-9A1E7A4F7556}") = "Bai_tap_tuan2_MFCInC", "OOp\Tuan3\MFCInC#\Bai_tap_tuan2_MFCInC.csproj", "{5156C84C-B1D7-45EC-897A-F75A51795085}"
EndProject
Global
	GlobalSection(SolutionConfigurationPlatforms) = preSolution
		Debug|Any CPU = Debug|Any CPU
		Release|Any CPU = Release|Any CPU
	EndGlobalSection
	GlobalSection(ProjectConfigurationPlatforms) = postSolution
		{FBC4E7C7-331D-4A21-9605-CA8F4C1CF6C2}.Debug|Any CPU.ActiveCfg = Debug|Any CPU
		{FBC4E7C7-331D-4A21-9605-CA8F4C1CF6C2}.Debug|Any CPU.Build.0 = Debug|Any CPU
		{FBC4E7C7-331D-4A21-9605-CA8F4C1CF6C2}.Release|Any CPU.ActiveCfg = Release|Any CPU
		{FBC4E7C7-331D-4A21-9605-CA8F4C1CF6C2}.Release|Any CPU.Build.0 = Release|Any CPU
		{81D57E6A-AFD5-42DB-BA24-1F62EE4DF7E7}.Debug|Any CPU.ActiveCfg = Debug|Any CPU
		{81D57E6A-AFD5-42DB-BA24-1F62EE4DF7E7}.Debug|Any CPU.Build.0 = Debug|Any CPU
		{81D57E6A-AFD5-42DB-BA24-1F62EE4DF7E7}.Release|Any CPU.ActiveCfg = Release|Any CPU
		{81D57E6A-AFD5-42DB-BA24-1F62EE4DF7E7}.Release|Any CPU.Build.0 = Release|Any CPU
		{AC73F4B9-3BA1-4097-9653-BD34F2011C01}.Debug|Any CPU.ActiveCfg = Debug|Any CPU
		{AC73F4B9-3BA1-4097-9653-BD34F2011C01}.Debug|Any CPU.Build.0 = Debug|Any CPU
		{AC73F4B9-3BA1-4097-9653-BD34F2011C01}.Release|Any CPU.ActiveCfg = Release|Any CPU
		{AC73F4B9-3BA1-4097-9653-BD34F2011C01}.Release|Any CPU.Build.0 = Release|Any CPU
		{BACFABBE-D8D1-416E-B03C-88B29D32D1E0}.Debug|Any CPU.ActiveCfg = Debug|Any CPU
		{BACFABBE-D8D1-416E-B03C-88B29D32D1E0}.Debug|Any CPU.Build.0 = Debug|Any CPU
		{BACFABBE-D8D1-416E-B03C-88B29D32D1E0}.Release|Any CPU.ActiveCfg = Release|Any CPU
		{BACFABBE-D8D1-416E-B03C-88B29D32D1E0}.Release|Any CPU.Build.0 = Release|Any CPU
		{ED311228-BF2B-475B-B635-3AA6C7A73571}.Debug|Any CPU.ActiveCfg = Debug|Any CPU
		{ED311228-BF2B-475B-B635-3AA6C7A73571}.Debug|Any CPU.Build.0 = Debug|Any CPU
		{ED311228-BF2B-475B-B635-3AA6C7A73571}.Release|Any CPU.ActiveCfg = Release|Any CPU
		{ED311228-BF2B-475B-B635-3AA6C7A73571}.Release|Any CPU.Build.0 = Release|Any CPU
		{F89E2F22-2578-43FD-B02C-83AD284C097E}.Debug|Any CPU.ActiveCfg = Debug|Any CPU
		{F89E2F22-2578-43FD-B02C-83AD284C097E}.Debug|Any CPU.Build.0 = Debug|Any CPU
		{F89E2F22-2578-43FD-B02C-83AD284C097E}.Release|Any CPU.ActiveCfg = Release|Any CPU
		{F89E2F22-2578-43FD-B02C-83AD284C097E}.Release|Any CPU.Build.0 = Release|Any CPU
		{BE112CAB-28F2-41F5-BDC8-C8CA52C501C3}.Debug|Any CPU.ActiveCfg = Debug|Any CPU
		{BE112CAB-28F2-41F5-BDC8-C8CA52C501C3}.Debug|Any CPU.Build.0 = Debug|Any CPU
		{BE112CAB-28F2-41F5-BDC8-C8CA52C501C3}.Release|Any CPU.ActiveCfg = Release|Any CPU
		{BE112CAB-28F2-41F5-BDC8-C8CA52C501C3}.Release|Any CPU.Build.0 = Release|Any CPU
		{1F6DED70-EFB1-4FD0-B750-CF3B1D936A49}.Debug|Any CPU.ActiveCfg = Debug|Any CPU
		{1F6DED70-EFB1-4FD0-B750-CF3B1D936A49}.Debug|Any CPU.Build.0 = Debug|Any CPU
		{1F6DED70-EFB1-4FD0-B750-CF3B1D936A49}.Release|Any CPU.ActiveCfg = Release|Any CPU
		{1F6DED70-EFB1-4FD0-B750-CF3B1D936A49}.Release|Any CPU.Build.0 = Release|Any CPU
		{AA43ACC5-1E1C-441B-AF01-56D4EF8B113F}.Debug|Any CPU.ActiveCfg = Debug|Any CPU
		{AA43ACC5-1E1C-441B-AF01-56D4EF8B113F}.Debug|Any CPU.Build.0 = Debug|Any CPU
		{AA43ACC5-1E1C-441B-AF01-56D4EF8B113F}.Release|Any CPU.ActiveCfg = Release|Any CPU
		{AA43ACC5-1E1C-441B-AF01-56D4EF8B113F}.Release|Any CPU.Build.0 = Release|Any CPU
		{106EF2A2-9B80-4FE1-B079-77B1AF20DFB2}.Debug|Any CPU.ActiveCfg = Debug|Any CPU
		{106EF2A2-9B80-4FE1-B079-77B1AF20DFB2}.Debug|Any CPU.Build.0 = Debug|Any CPU
		{106EF2A2-9B80-4FE1-B079-77B1AF20DFB2}.Release|Any CPU.ActiveCfg = Release|Any CPU
		{106EF2A2-9B80-4FE1-B079-77B1AF20DFB2}.Release|Any CPU.Build.0 = Release|Any CPU
		{E3F594EC-BA2B-4796-BAB4-B2DC94573007}.Debug|Any CPU.ActiveCfg = Debug|Any CPU
		{E3F594EC-BA2B-4796-BAB4-B2DC94573007}.Debug|Any CPU.Build.0 = Debug|Any CPU
		{E3F594EC-BA2B-4796-BAB4-B2DC94573007}.Release|Any CPU.ActiveCfg = Release|Any CPU
		{E3F594EC-BA2B-4796-BAB4-B2DC94573007}.Release|Any CPU.Build.0 = Release|Any CPU
		{E3D075E7-61D4-4CC7-9A8C-38A244429AF8}.Debug|Any CPU.ActiveCfg = Debug|Any CPU
		{E3D075E7-61D4-4CC7-9A8C-38A244429AF8}.Debug|Any CPU.Build.0 = Debug|Any CPU
		{E3D075E7-61D4-4CC7-9A8C-38A244429AF8}.Release|Any CPU.ActiveCfg = Release|Any CPU
		{E3D075E7-61D4-4CC7-9A8C-38A244429AF8}.Release|Any CPU.Build.0 = Release|Any CPU
		{7458A3FE-EE01-4588-8B9A-76F5A2EEE36E}.Debug|Any CPU.ActiveCfg = Debug|Any CPU
		{7458A3FE-EE01-4588-8B9A-76F5A2EEE36E}.Debug|Any CPU.Build.0 = Debug|Any CPU
		{7458A3FE-EE01-4588-8B9A-76F5A2EEE36E}.Release|Any CPU.ActiveCfg = Release|Any CPU
		{7458A3FE-EE01-4588-8B9A-76F5A2EEE36E}.Release|Any CPU.Build.0 = Release|Any CPU
		{85235963-FF75-4A95-B476-7AC5B5159A78}.Debug|Any CPU.ActiveCfg = Debug|Any CPU
		{85235963-FF75-4A95-B476-7AC5B5159A78}.Debug|Any CPU.Build.0 = Debug|Any CPU
		{85235963-FF75-4A95-B476-7AC5B5159A78}.Release|Any CPU.ActiveCfg = Release|Any CPU
		{85235963-FF75-4A95-B476-7AC5B5159A78}.Release|Any CPU.Build.0 = Release|Any CPU
		{33D49D2C-CFBE-46AD-AF61-4042D0FDB468}.Debug|Any CPU.ActiveCfg = Debug|Any CPU
		{33D49D2C-CFBE-46AD-AF61-4042D0FDB468}.Debug|Any CPU.Build.0 = Debug|Any CPU
		{33D49D2C-CFBE-46AD-AF61-4042D0FDB468}.Release|Any CPU.ActiveCfg = Release|Any CPU
		{33D49D2C-CFBE-46AD-AF61-4042D0FDB468}.Release|Any CPU.Build.0 = Release|Any CPU
		{F37224BF-A390-4034-B062-A12E6CA423EE}.Debug|Any CPU.ActiveCfg = Debug|Any CPU
		{F37224BF-A390-4034-B062-A12E6CA423EE}.Debug|Any CPU.Build.0 = Debug|Any CPU
		{F37224BF-A390-4034-B062-A12E6CA423EE}.Release|Any CPU.ActiveCfg = Release|Any CPU
		{F37224BF-A390-4034-B062-A12E6CA423EE}.Release|Any CPU.Build.0 = Release|Any CPU
		{361442AB-6B8F-4177-B04C-6F7820A97545}.Debug|Any CPU.ActiveCfg = Debug|Any CPU
		{361442AB-6B8F-4177-B04C-6F7820A97545}.Debug|Any CPU.Build.0 = Debug|Any CPU
		{361442AB-6B8F-4177-B04C-6F7820A97545}.Release|Any CPU.ActiveCfg = Release|Any CPU
		{361442AB-6B8F-4177-B04C-6F7820A97545}.Release|Any CPU.Build.0 = Release|Any CPU
		{D0A69158-64B2-42B2-A40B-572922F61EDE}.Debug|Any CPU.ActiveCfg = Debug|Any CPU
		{D0A69158-64B2-42B2-A40B-572922F61EDE}.Debug|Any CPU.Build.0 = Debug|Any CPU
		{D0A69158-64B2-42B2-A40B-572922F61EDE}.Release|Any CPU.ActiveCfg = Release|Any CPU
		{D0A69158-64B2-42B2-A40B-572922F61EDE}.Release|Any CPU.Build.0 = Release|Any CPU
		{0FBFEC24-30E0-4125-BA1A-002859F7F1AD}.Debug|Any CPU.ActiveCfg = Debug|Any CPU
		{0FBFEC24-30E0-4125-BA1A-002859F7F1AD}.Debug|Any CPU.Build.0 = Debug|Any CPU
		{0FBFEC24-30E0-4125-BA1A-002859F7F1AD}.Release|Any CPU.ActiveCfg = Release|Any CPU
		{0FBFEC24-30E0-4125-BA1A-002859F7F1AD}.Release|Any CPU.Build.0 = Release|Any CPU
		{371699CD-B549-4423-816F-96D4967F88A7}.Debug|Any CPU.ActiveCfg = Debug|Any CPU
		{371699CD-B549-4423-816F-96D4967F88A7}.Debug|Any CPU.Build.0 = Debug|Any CPU
		{371699CD-B549-4423-816F-96D4967F88A7}.Release|Any CPU.ActiveCfg = Release|Any CPU
		{371699CD-B549-4423-816F-96D4967F88A7}.Release|Any CPU.Build.0 = Release|Any CPU
		{C597CC6B-7A46-4B5C-A11A-3009721BF812}.Debug|Any CPU.ActiveCfg = Debug|Any CPU
		{C597CC6B-7A46-4B5C-A11A-3009721BF812}.Debug|Any CPU.Build.0 = Debug|Any CPU
		{C597CC6B-7A46-4B5C-A11A-3009721BF812}.Release|Any CPU.ActiveCfg = Release|Any CPU
		{C597CC6B-7A46-4B5C-A11A-3009721BF812}.Release|Any CPU.Build.0 = Release|Any CPU
		{E282DE7D-7EA1-4FE5-BA75-E854889970A5}.Debug|Any CPU.ActiveCfg = Debug|Any CPU
		{E282DE7D-7EA1-4FE5-BA75-E854889970A5}.Debug|Any CPU.Build.0 = Debug|Any CPU
		{E282DE7D-7EA1-4FE5-BA75-E854889970A5}.Release|Any CPU.ActiveCfg = Release|Any CPU
		{E282DE7D-7EA1-4FE5-BA75-E854889970A5}.Release|Any CPU.Build.0 = Release|Any CPU
		{82890739-5174-4720-B9C6-4215430229C0}.Debug|Any CPU.ActiveCfg = Debug|Any CPU
		{82890739-5174-4720-B9C6-4215430229C0}.Debug|Any CPU.Build.0 = Debug|Any CPU
		{82890739-5174-4720-B9C6-4215430229C0}.Release|Any CPU.ActiveCfg = Release|Any CPU
		{82890739-5174-4720-B9C6-4215430229C0}.Release|Any CPU.Build.0 = Release|Any CPU
		{5156C84C-B1D7-45EC-897A-F75A51795085}.Debug|Any CPU.ActiveCfg = Debug|Any CPU
		{5156C84C-B1D7-45EC-897A-F75A51795085}.Debug|Any CPU.Build.0 = Debug|Any CPU
		{5156C84C-B1D7-45EC-897A-F75A51795085}.Release|Any CPU.ActiveCfg = Release|Any CPU
		{5156C84C-B1D7-45EC-897A-F75A51795085}.Release|Any CPU.Build.0 = Release|Any CPU
	EndGlobalSection
	GlobalSection(SolutionProperties) = preSolution
		HideSolutionNode = FALSE
	EndGlobalSection
	GlobalSection(NestedProjects) = preSolution
		{FBC4E7C7-331D-4A21-9605-CA8F4C1CF6C2} = {2EE75C73-7667-46EE-9B86-288D2F68FDC9}
		{81D57E6A-AFD5-42DB-BA24-1F62EE4DF7E7} = {2EE75C73-7667-46EE-9B86-288D2F68FDC9}
		{AC73F4B9-3BA1-4097-9653-BD34F2011C01} = {2EE75C73-7667-46EE-9B86-288D2F68FDC9}
		{BACFABBE-D8D1-416E-B03C-88B29D32D1E0} = {2EE75C73-7667-46EE-9B86-288D2F68FDC9}
		{260755E3-746F-4437-8F8A-CC38E6684D93} = {2EE75C73-7667-46EE-9B86-288D2F68FDC9}
		{ED311228-BF2B-475B-B635-3AA6C7A73571} = {260755E3-746F-4437-8F8A-CC38E6684D93}
		{F89E2F22-2578-43FD-B02C-83AD284C097E} = {260755E3-746F-4437-8F8A-CC38E6684D93}
		{BE112CAB-28F2-41F5-BDC8-C8CA52C501C3} = {260755E3-746F-4437-8F8A-CC38E6684D93}
		{1F6DED70-EFB1-4FD0-B750-CF3B1D936A49} = {260755E3-746F-4437-8F8A-CC38E6684D93}
		{AA43ACC5-1E1C-441B-AF01-56D4EF8B113F} = {260755E3-746F-4437-8F8A-CC38E6684D93}
		{106EF2A2-9B80-4FE1-B079-77B1AF20DFB2} = {260755E3-746F-4437-8F8A-CC38E6684D93}
		{E3F594EC-BA2B-4796-BAB4-B2DC94573007} = {260755E3-746F-4437-8F8A-CC38E6684D93}
		{E3D075E7-61D4-4CC7-9A8C-38A244429AF8} = {260755E3-746F-4437-8F8A-CC38E6684D93}
		{7458A3FE-EE01-4588-8B9A-76F5A2EEE36E} = {260755E3-746F-4437-8F8A-CC38E6684D93}
		{85235963-FF75-4A95-B476-7AC5B5159A78} = {260755E3-746F-4437-8F8A-CC38E6684D93}
		{0D6A698C-2BE7-4F6A-8FE4-F40125EF23E1} = {2EE75C73-7667-46EE-9B86-288D2F68FDC9}
		{33D49D2C-CFBE-46AD-AF61-4042D0FDB468} = {0D6A698C-2BE7-4F6A-8FE4-F40125EF23E1}
		{F37224BF-A390-4034-B062-A12E6CA423EE} = {0D6A698C-2BE7-4F6A-8FE4-F40125EF23E1}
		{BF084EB4-616D-408F-98FE-17E62B109B9C} = {2EE75C73-7667-46EE-9B86-288D2F68FDC9}
		{361442AB-6B8F-4177-B04C-6F7820A97545} = {BF084EB4-616D-408F-98FE-17E62B109B9C}
		{D0A69158-64B2-42B2-A40B-572922F61EDE} = {BF084EB4-616D-408F-98FE-17E62B109B9C}
		{0FBFEC24-30E0-4125-BA1A-002859F7F1AD} = {BF084EB4-616D-408F-98FE-17E62B109B9C}
		{371699CD-B549-4423-816F-96D4967F88A7} = {BF084EB4-616D-408F-98FE-17E62B109B9C}
		{47000DF6-B901-4BE6-8894-DCFCD9E0338D} = {2EE75C73-7667-46EE-9B86-288D2F68FDC9}
		{C597CC6B-7A46-4B5C-A11A-3009721BF812} = {47000DF6-B901-4BE6-8894-DCFCD9E0338D}
		{E282DE7D-7EA1-4FE5-BA75-E854889970A5} = {47000DF6-B901-4BE6-8894-DCFCD9E0338D}
		{080C09EE-7E22-418D-85FB-784F9DC8DCCF} = {2EE75C73-7667-46EE-9B86-288D2F68FDC9}
		{82890739-5174-4720-B9C6-4215430229C0} = {080C09EE-7E22-418D-85FB-784F9DC8DCCF}
		{5156C84C-B1D7-45EC-897A-F75A51795085} = {080C09EE-7E22-418D-85FB-784F9DC8DCCF}
	EndGlobalSection
	GlobalSection(ExtensibilityGlobals) = postSolution
		SolutionGuid = {B4B7B649-7FCC-497E-B762-4B08B56313B0}
	EndGlobalSection
EndGlobal
