
Microsoft Visual Studio Solution File, Format Version 12.00
# Visual Studio Version 17
VisualStudioVersion = 17.5.002.0
MinimumVisualStudioVersion = 10.0.40219.1
Project("{9A19103F-16F7-4668-BE54-9A1E7A4F7556}") = "baitoandemso", "baitoandemso\baitoandemso.csproj", "{1F7BA6D0-66DC-4CE8-83F4-883DE9239792}"
EndProject
Project("{9A19103F-16F7-4668-BE54-9A1E7A4F7556}") = "bai_ktra", "bai_ktra\bai_ktra.csproj", "{A95174EB-534C-4C1F-8B47-23818CD2D495}"
EndProject
Project("{9A19103F-16F7-4668-BE54-9A1E7A4F7556}") = "demoSinhVien", "demoSinhVien\demoSinhVien.csproj", "{834B39B4-19F3-4CA4-8894-4562E8D07885}"
EndProject
Project("{9A19103F-16F7-4668-BE54-9A1E7A4F7556}") = "Vd1", "Vd1\Vd1.csproj", "{C2AC186E-ECE0-4F3A-98F6-7314D8611C21}"
EndProject
Project("{2150E333-8FDC-42A3-9474-1A3956D46DE8}") = "Chuong1", "Chuong1", "{FFA8086E-9181-4452-9F83-FF1201FBADA1}"
EndProject
Project("{9A19103F-16F7-4668-BE54-9A1E7A4F7556}") = "bai10_ggclass", "Chuong1\bai10_ggclass\bai10_ggclass.csproj", "{C8A8E7C5-39EB-40D7-8A9B-555BE3702120}"
EndProject
Project("{9A19103F-16F7-4668-BE54-9A1E7A4F7556}") = "bai11_ggclass", "Chuong1\bai11_ggclass\bai11_ggclass.csproj", "{984BA59A-5302-4006-9A02-F2422FD9C210}"
EndProject
Project("{9A19103F-16F7-4668-BE54-9A1E7A4F7556}") = "bai12_ggclass", "Chuong1\bai12_ggclass\bai12_ggclass.csproj", "{759DAEF5-2978-4C39-922C-698313C520BF}"
EndProject
Project("{9A19103F-16F7-4668-BE54-9A1E7A4F7556}") = "bai3_ggclass", "Chuong1\bai3_ggclass\bai3_ggclass.csproj", "{E705CE23-19AE-4E56-92F7-A11FB2570F1A}"
EndProject
Project("{9A19103F-16F7-4668-BE54-9A1E7A4F7556}") = "bai4_ggclass", "Chuong1\bai4_ggclass\bai4_ggclass.csproj", "{6C4AE4AC-EE65-4AFF-A890-4CB6CE238F8C}"
EndProject
Project("{9A19103F-16F7-4668-BE54-9A1E7A4F7556}") = "bai5_ggclass", "Chuong1\bai5_ggclass\bai5_ggclass.csproj", "{B220A9BE-7032-4167-B70F-634EB1415F29}"
EndProject
Project("{9A19103F-16F7-4668-BE54-9A1E7A4F7556}") = "bai5678910_ggclass", "Chuong1\bai6_ggclass\bai5678910_ggclass.csproj", "{5C0E579B-82EC-41F4-AD60-3A249359E504}"
EndProject
Project("{9A19103F-16F7-4668-BE54-9A1E7A4F7556}") = "bai7_ggclass", "Chuong1\bai7_ggclass\bai7_ggclass.csproj", "{6D85115F-4B83-4A3C-ABC1-63F395EC3701}"
EndProject
Project("{9A19103F-16F7-4668-BE54-9A1E7A4F7556}") = "bai8_ggclass", "Chuong1\bai8_ggclass\bai8_ggclass.csproj", "{26CCFD43-002F-456B-8CA6-FF55E875A29E}"
EndProject
Project("{9A19103F-16F7-4668-BE54-9A1E7A4F7556}") = "bai9_ggclass", "Chuong1\bai9_ggclass\bai9_ggclass.csproj", "{E4E3B626-1795-4BF2-9995-1F87C52A5B70}"
EndProject
Project("{2150E333-8FDC-42A3-9474-1A3956D46DE8}") = "Chuong2", "Chuong2", "{AD4ABBC8-2F56-4941-88F9-B926A2481677}"
EndProject
Project("{9A19103F-16F7-4668-BE54-9A1E7A4F7556}") = "baitapChuong2", "Chuong2\baitapChuong2\baitapChuong2.csproj", "{168FFF8C-E643-449D-A85F-BC4757F3235D}"
EndProject
Project("{9A19103F-16F7-4668-BE54-9A1E7A4F7556}") = "nhap", "Chuong2\nhap\nhap.csproj", "{290EF87F-AC3A-4765-BD7C-BC853B8BFDD0}"
EndProject
Project("{2150E333-8FDC-42A3-9474-1A3956D46DE8}") = "Chuong3", "Chuong3", "{C1C0F55A-A3E4-400F-A616-31B7B4D394E6}"
EndProject
Project("{9A19103F-16F7-4668-BE54-9A1E7A4F7556}") = "bai1", "Chuong3\bai1\bai1.csproj", "{70C310CB-B532-42ED-BC69-FAD191676297}"
EndProject
Project("{9A19103F-16F7-4668-BE54-9A1E7A4F7556}") = "bai2", "Chuong3\bai2\bai2.csproj", "{A18248CA-490F-4014-96E9-D9F19B042EC5}"
EndProject
Project("{9A19103F-16F7-4668-BE54-9A1E7A4F7556}") = "bai3", "Chuong3\bai3\bai3.csproj", "{03732DFA-493D-411D-B921-90372F567011}"
EndProject
Project("{9A19103F-16F7-4668-BE54-9A1E7A4F7556}") = "bai4", "Chuong3\bai4\bai4.csproj", "{19EA7B0C-5693-40D5-B90C-611327D7F578}"
EndProject
Project("{2150E333-8FDC-42A3-9474-1A3956D46DE8}") = "Chuong4", "Chuong4", "{A1E85BA3-C0EF-4669-985A-04D95921B7A1}"
EndProject
Project("{9A19103F-16F7-4668-BE54-9A1E7A4F7556}") = "chuong4bai1", "Chuong4\chuong4bai1\chuong4bai1.csproj", "{EEDDCF4A-55A6-4D80-9FDC-2C59F5FB3709}"
EndProject
Project("{9A19103F-16F7-4668-BE54-9A1E7A4F7556}") = "chuong4bai2", "Chuong4\chuong4bai2\chuong4bai2.csproj", "{5FD6B046-78E8-4186-A899-E6FED0C93816}"
EndProject
Project("{9A19103F-16F7-4668-BE54-9A1E7A4F7556}") = "chuong4bai3", "Chuong4\chuong4bai3\chuong4bai3.csproj", "{90863435-EA31-47AB-B866-FD7FAE15FCDA}"
EndProject
Project("{9A19103F-16F7-4668-BE54-9A1E7A4F7556}") = "chuong4bai4", "Chuong4\chuong4bai4\chuong4bai4.csproj", "{D2E4CD78-A28E-407C-8161-0E787F76144E}"
EndProject
Project("{9A19103F-16F7-4668-BE54-9A1E7A4F7556}") = "chuong4bai5", "Chuong4\chuong4bai5\chuong4bai5.csproj", "{198A1FA2-8A7F-47C3-B062-C23C59FD022A}"
EndProject
Project("{2150E333-8FDC-42A3-9474-1A3956D46DE8}") = "Tuan2", "Tuan2", "{3E2F0566-8EE7-433A-8DE3-D769972895C8}"
EndProject
Project("{9A19103F-16F7-4668-BE54-9A1E7A4F7556}") = "baitaptuan2_mang", "Tuan2\baitaptuan2_mang_bai1\baitaptuan2_mang.csproj", "{3AD5D289-1272-41F2-9288-8545BA49FC35}"
EndProject
Project("{9A19103F-16F7-4668-BE54-9A1E7A4F7556}") = "baitaptuan2_mang_bai2", "Tuan2\baitaptuan2_mang_bai2\baitaptuan2_mang_bai2.csproj", "{60565E3C-1A99-4B16-9841-1E3A9DD6FB2C}"
EndProject
Project("{2150E333-8FDC-42A3-9474-1A3956D46DE8}") = "Tuan3", "Tuan3", "{FC038CE0-0290-4082-9F88-6F47EDEEE078}"
EndProject
Project("{9A19103F-16F7-4668-BE54-9A1E7A4F7556}") = "Bai_tap_tuan2_Dice", "Tuan3\Dice\Bai_tap_tuan2_Dice.csproj", "{477039F8-F9EC-4220-9933-E81D24A3A788}"
EndProject
Project("{9A19103F-16F7-4668-BE54-9A1E7A4F7556}") = "Bai_tap_tuan2_MFCInC", "Tuan3\MFCInC#\Bai_tap_tuan2_MFCInC.csproj", "{275431C5-C0E8-4A97-982B-E68131C9F66E}"
EndProject
Global
	GlobalSection(SolutionConfigurationPlatforms) = preSolution
		Debug|Any CPU = Debug|Any CPU
		Release|Any CPU = Release|Any CPU
	EndGlobalSection
	GlobalSection(ProjectConfigurationPlatforms) = postSolution
		{1F7BA6D0-66DC-4CE8-83F4-883DE9239792}.Debug|Any CPU.ActiveCfg = Debug|Any CPU
		{1F7BA6D0-66DC-4CE8-83F4-883DE9239792}.Debug|Any CPU.Build.0 = Debug|Any CPU
		{1F7BA6D0-66DC-4CE8-83F4-883DE9239792}.Release|Any CPU.ActiveCfg = Release|Any CPU
		{1F7BA6D0-66DC-4CE8-83F4-883DE9239792}.Release|Any CPU.Build.0 = Release|Any CPU
		{A95174EB-534C-4C1F-8B47-23818CD2D495}.Debug|Any CPU.ActiveCfg = Debug|Any CPU
		{A95174EB-534C-4C1F-8B47-23818CD2D495}.Debug|Any CPU.Build.0 = Debug|Any CPU
		{A95174EB-534C-4C1F-8B47-23818CD2D495}.Release|Any CPU.ActiveCfg = Release|Any CPU
		{A95174EB-534C-4C1F-8B47-23818CD2D495}.Release|Any CPU.Build.0 = Release|Any CPU
		{834B39B4-19F3-4CA4-8894-4562E8D07885}.Debug|Any CPU.ActiveCfg = Debug|Any CPU
		{834B39B4-19F3-4CA4-8894-4562E8D07885}.Debug|Any CPU.Build.0 = Debug|Any CPU
		{834B39B4-19F3-4CA4-8894-4562E8D07885}.Release|Any CPU.ActiveCfg = Release|Any CPU
		{834B39B4-19F3-4CA4-8894-4562E8D07885}.Release|Any CPU.Build.0 = Release|Any CPU
		{C2AC186E-ECE0-4F3A-98F6-7314D8611C21}.Debug|Any CPU.ActiveCfg = Debug|Any CPU
		{C2AC186E-ECE0-4F3A-98F6-7314D8611C21}.Debug|Any CPU.Build.0 = Debug|Any CPU
		{C2AC186E-ECE0-4F3A-98F6-7314D8611C21}.Release|Any CPU.ActiveCfg = Release|Any CPU
		{C2AC186E-ECE0-4F3A-98F6-7314D8611C21}.Release|Any CPU.Build.0 = Release|Any CPU
		{C8A8E7C5-39EB-40D7-8A9B-555BE3702120}.Debug|Any CPU.ActiveCfg = Debug|Any CPU
		{C8A8E7C5-39EB-40D7-8A9B-555BE3702120}.Debug|Any CPU.Build.0 = Debug|Any CPU
		{C8A8E7C5-39EB-40D7-8A9B-555BE3702120}.Release|Any CPU.ActiveCfg = Release|Any CPU
		{C8A8E7C5-39EB-40D7-8A9B-555BE3702120}.Release|Any CPU.Build.0 = Release|Any CPU
		{984BA59A-5302-4006-9A02-F2422FD9C210}.Debug|Any CPU.ActiveCfg = Debug|Any CPU
		{984BA59A-5302-4006-9A02-F2422FD9C210}.Debug|Any CPU.Build.0 = Debug|Any CPU
		{984BA59A-5302-4006-9A02-F2422FD9C210}.Release|Any CPU.ActiveCfg = Release|Any CPU
		{984BA59A-5302-4006-9A02-F2422FD9C210}.Release|Any CPU.Build.0 = Release|Any CPU
		{759DAEF5-2978-4C39-922C-698313C520BF}.Debug|Any CPU.ActiveCfg = Debug|Any CPU
		{759DAEF5-2978-4C39-922C-698313C520BF}.Debug|Any CPU.Build.0 = Debug|Any CPU
		{759DAEF5-2978-4C39-922C-698313C520BF}.Release|Any CPU.ActiveCfg = Release|Any CPU
		{759DAEF5-2978-4C39-922C-698313C520BF}.Release|Any CPU.Build.0 = Release|Any CPU
		{E705CE23-19AE-4E56-92F7-A11FB2570F1A}.Debug|Any CPU.ActiveCfg = Debug|Any CPU
		{E705CE23-19AE-4E56-92F7-A11FB2570F1A}.Debug|Any CPU.Build.0 = Debug|Any CPU
		{E705CE23-19AE-4E56-92F7-A11FB2570F1A}.Release|Any CPU.ActiveCfg = Release|Any CPU
		{E705CE23-19AE-4E56-92F7-A11FB2570F1A}.Release|Any CPU.Build.0 = Release|Any CPU
		{6C4AE4AC-EE65-4AFF-A890-4CB6CE238F8C}.Debug|Any CPU.ActiveCfg = Debug|Any CPU
		{6C4AE4AC-EE65-4AFF-A890-4CB6CE238F8C}.Debug|Any CPU.Build.0 = Debug|Any CPU
		{6C4AE4AC-EE65-4AFF-A890-4CB6CE238F8C}.Release|Any CPU.ActiveCfg = Release|Any CPU
		{6C4AE4AC-EE65-4AFF-A890-4CB6CE238F8C}.Release|Any CPU.Build.0 = Release|Any CPU
		{B220A9BE-7032-4167-B70F-634EB1415F29}.Debug|Any CPU.ActiveCfg = Debug|Any CPU
		{B220A9BE-7032-4167-B70F-634EB1415F29}.Debug|Any CPU.Build.0 = Debug|Any CPU
		{B220A9BE-7032-4167-B70F-634EB1415F29}.Release|Any CPU.ActiveCfg = Release|Any CPU
		{B220A9BE-7032-4167-B70F-634EB1415F29}.Release|Any CPU.Build.0 = Release|Any CPU
		{5C0E579B-82EC-41F4-AD60-3A249359E504}.Debug|Any CPU.ActiveCfg = Debug|Any CPU
		{5C0E579B-82EC-41F4-AD60-3A249359E504}.Debug|Any CPU.Build.0 = Debug|Any CPU
		{5C0E579B-82EC-41F4-AD60-3A249359E504}.Release|Any CPU.ActiveCfg = Release|Any CPU
		{5C0E579B-82EC-41F4-AD60-3A249359E504}.Release|Any CPU.Build.0 = Release|Any CPU
		{6D85115F-4B83-4A3C-ABC1-63F395EC3701}.Debug|Any CPU.ActiveCfg = Debug|Any CPU
		{6D85115F-4B83-4A3C-ABC1-63F395EC3701}.Debug|Any CPU.Build.0 = Debug|Any CPU
		{6D85115F-4B83-4A3C-ABC1-63F395EC3701}.Release|Any CPU.ActiveCfg = Release|Any CPU
		{6D85115F-4B83-4A3C-ABC1-63F395EC3701}.Release|Any CPU.Build.0 = Release|Any CPU
		{26CCFD43-002F-456B-8CA6-FF55E875A29E}.Debug|Any CPU.ActiveCfg = Debug|Any CPU
		{26CCFD43-002F-456B-8CA6-FF55E875A29E}.Debug|Any CPU.Build.0 = Debug|Any CPU
		{26CCFD43-002F-456B-8CA6-FF55E875A29E}.Release|Any CPU.ActiveCfg = Release|Any CPU
		{26CCFD43-002F-456B-8CA6-FF55E875A29E}.Release|Any CPU.Build.0 = Release|Any CPU
		{E4E3B626-1795-4BF2-9995-1F87C52A5B70}.Debug|Any CPU.ActiveCfg = Debug|Any CPU
		{E4E3B626-1795-4BF2-9995-1F87C52A5B70}.Debug|Any CPU.Build.0 = Debug|Any CPU
		{E4E3B626-1795-4BF2-9995-1F87C52A5B70}.Release|Any CPU.ActiveCfg = Release|Any CPU
		{E4E3B626-1795-4BF2-9995-1F87C52A5B70}.Release|Any CPU.Build.0 = Release|Any CPU
		{168FFF8C-E643-449D-A85F-BC4757F3235D}.Debug|Any CPU.ActiveCfg = Debug|Any CPU
		{168FFF8C-E643-449D-A85F-BC4757F3235D}.Debug|Any CPU.Build.0 = Debug|Any CPU
		{168FFF8C-E643-449D-A85F-BC4757F3235D}.Release|Any CPU.ActiveCfg = Release|Any CPU
		{168FFF8C-E643-449D-A85F-BC4757F3235D}.Release|Any CPU.Build.0 = Release|Any CPU
		{290EF87F-AC3A-4765-BD7C-BC853B8BFDD0}.Debug|Any CPU.ActiveCfg = Debug|Any CPU
		{290EF87F-AC3A-4765-BD7C-BC853B8BFDD0}.Debug|Any CPU.Build.0 = Debug|Any CPU
		{290EF87F-AC3A-4765-BD7C-BC853B8BFDD0}.Release|Any CPU.ActiveCfg = Release|Any CPU
		{290EF87F-AC3A-4765-BD7C-BC853B8BFDD0}.Release|Any CPU.Build.0 = Release|Any CPU
		{70C310CB-B532-42ED-BC69-FAD191676297}.Debug|Any CPU.ActiveCfg = Debug|Any CPU
		{70C310CB-B532-42ED-BC69-FAD191676297}.Debug|Any CPU.Build.0 = Debug|Any CPU
		{70C310CB-B532-42ED-BC69-FAD191676297}.Release|Any CPU.ActiveCfg = Release|Any CPU
		{70C310CB-B532-42ED-BC69-FAD191676297}.Release|Any CPU.Build.0 = Release|Any CPU
		{A18248CA-490F-4014-96E9-D9F19B042EC5}.Debug|Any CPU.ActiveCfg = Debug|Any CPU
		{A18248CA-490F-4014-96E9-D9F19B042EC5}.Debug|Any CPU.Build.0 = Debug|Any CPU
		{A18248CA-490F-4014-96E9-D9F19B042EC5}.Release|Any CPU.ActiveCfg = Release|Any CPU
		{A18248CA-490F-4014-96E9-D9F19B042EC5}.Release|Any CPU.Build.0 = Release|Any CPU
		{03732DFA-493D-411D-B921-90372F567011}.Debug|Any CPU.ActiveCfg = Debug|Any CPU
		{03732DFA-493D-411D-B921-90372F567011}.Debug|Any CPU.Build.0 = Debug|Any CPU
		{03732DFA-493D-411D-B921-90372F567011}.Release|Any CPU.ActiveCfg = Release|Any CPU
		{03732DFA-493D-411D-B921-90372F567011}.Release|Any CPU.Build.0 = Release|Any CPU
		{19EA7B0C-5693-40D5-B90C-611327D7F578}.Debug|Any CPU.ActiveCfg = Debug|Any CPU
		{19EA7B0C-5693-40D5-B90C-611327D7F578}.Debug|Any CPU.Build.0 = Debug|Any CPU
		{19EA7B0C-5693-40D5-B90C-611327D7F578}.Release|Any CPU.ActiveCfg = Release|Any CPU
		{19EA7B0C-5693-40D5-B90C-611327D7F578}.Release|Any CPU.Build.0 = Release|Any CPU
		{EEDDCF4A-55A6-4D80-9FDC-2C59F5FB3709}.Debug|Any CPU.ActiveCfg = Debug|Any CPU
		{EEDDCF4A-55A6-4D80-9FDC-2C59F5FB3709}.Debug|Any CPU.Build.0 = Debug|Any CPU
		{EEDDCF4A-55A6-4D80-9FDC-2C59F5FB3709}.Release|Any CPU.ActiveCfg = Release|Any CPU
		{EEDDCF4A-55A6-4D80-9FDC-2C59F5FB3709}.Release|Any CPU.Build.0 = Release|Any CPU
		{5FD6B046-78E8-4186-A899-E6FED0C93816}.Debug|Any CPU.ActiveCfg = Debug|Any CPU
		{5FD6B046-78E8-4186-A899-E6FED0C93816}.Debug|Any CPU.Build.0 = Debug|Any CPU
		{5FD6B046-78E8-4186-A899-E6FED0C93816}.Release|Any CPU.ActiveCfg = Release|Any CPU
		{5FD6B046-78E8-4186-A899-E6FED0C93816}.Release|Any CPU.Build.0 = Release|Any CPU
		{90863435-EA31-47AB-B866-FD7FAE15FCDA}.Debug|Any CPU.ActiveCfg = Debug|Any CPU
		{90863435-EA31-47AB-B866-FD7FAE15FCDA}.Debug|Any CPU.Build.0 = Debug|Any CPU
		{90863435-EA31-47AB-B866-FD7FAE15FCDA}.Release|Any CPU.ActiveCfg = Release|Any CPU
		{90863435-EA31-47AB-B866-FD7FAE15FCDA}.Release|Any CPU.Build.0 = Release|Any CPU
		{D2E4CD78-A28E-407C-8161-0E787F76144E}.Debug|Any CPU.ActiveCfg = Debug|Any CPU
		{D2E4CD78-A28E-407C-8161-0E787F76144E}.Debug|Any CPU.Build.0 = Debug|Any CPU
		{D2E4CD78-A28E-407C-8161-0E787F76144E}.Release|Any CPU.ActiveCfg = Release|Any CPU
		{D2E4CD78-A28E-407C-8161-0E787F76144E}.Release|Any CPU.Build.0 = Release|Any CPU
		{198A1FA2-8A7F-47C3-B062-C23C59FD022A}.Debug|Any CPU.ActiveCfg = Debug|Any CPU
		{198A1FA2-8A7F-47C3-B062-C23C59FD022A}.Debug|Any CPU.Build.0 = Debug|Any CPU
		{198A1FA2-8A7F-47C3-B062-C23C59FD022A}.Release|Any CPU.ActiveCfg = Release|Any CPU
		{198A1FA2-8A7F-47C3-B062-C23C59FD022A}.Release|Any CPU.Build.0 = Release|Any CPU
		{3AD5D289-1272-41F2-9288-8545BA49FC35}.Debug|Any CPU.ActiveCfg = Debug|Any CPU
		{3AD5D289-1272-41F2-9288-8545BA49FC35}.Debug|Any CPU.Build.0 = Debug|Any CPU
		{3AD5D289-1272-41F2-9288-8545BA49FC35}.Release|Any CPU.ActiveCfg = Release|Any CPU
		{3AD5D289-1272-41F2-9288-8545BA49FC35}.Release|Any CPU.Build.0 = Release|Any CPU
		{60565E3C-1A99-4B16-9841-1E3A9DD6FB2C}.Debug|Any CPU.ActiveCfg = Debug|Any CPU
		{60565E3C-1A99-4B16-9841-1E3A9DD6FB2C}.Debug|Any CPU.Build.0 = Debug|Any CPU
		{60565E3C-1A99-4B16-9841-1E3A9DD6FB2C}.Release|Any CPU.ActiveCfg = Release|Any CPU
		{60565E3C-1A99-4B16-9841-1E3A9DD6FB2C}.Release|Any CPU.Build.0 = Release|Any CPU
		{477039F8-F9EC-4220-9933-E81D24A3A788}.Debug|Any CPU.ActiveCfg = Debug|Any CPU
		{477039F8-F9EC-4220-9933-E81D24A3A788}.Debug|Any CPU.Build.0 = Debug|Any CPU
		{477039F8-F9EC-4220-9933-E81D24A3A788}.Release|Any CPU.ActiveCfg = Release|Any CPU
		{477039F8-F9EC-4220-9933-E81D24A3A788}.Release|Any CPU.Build.0 = Release|Any CPU
		{275431C5-C0E8-4A97-982B-E68131C9F66E}.Debug|Any CPU.ActiveCfg = Debug|Any CPU
		{275431C5-C0E8-4A97-982B-E68131C9F66E}.Debug|Any CPU.Build.0 = Debug|Any CPU
		{275431C5-C0E8-4A97-982B-E68131C9F66E}.Release|Any CPU.ActiveCfg = Release|Any CPU
		{275431C5-C0E8-4A97-982B-E68131C9F66E}.Release|Any CPU.Build.0 = Release|Any CPU
	EndGlobalSection
	GlobalSection(SolutionProperties) = preSolution
		HideSolutionNode = FALSE
	EndGlobalSection
	GlobalSection(NestedProjects) = preSolution
		{C8A8E7C5-39EB-40D7-8A9B-555BE3702120} = {FFA8086E-9181-4452-9F83-FF1201FBADA1}
		{984BA59A-5302-4006-9A02-F2422FD9C210} = {FFA8086E-9181-4452-9F83-FF1201FBADA1}
		{759DAEF5-2978-4C39-922C-698313C520BF} = {FFA8086E-9181-4452-9F83-FF1201FBADA1}
		{E705CE23-19AE-4E56-92F7-A11FB2570F1A} = {FFA8086E-9181-4452-9F83-FF1201FBADA1}
		{6C4AE4AC-EE65-4AFF-A890-4CB6CE238F8C} = {FFA8086E-9181-4452-9F83-FF1201FBADA1}
		{B220A9BE-7032-4167-B70F-634EB1415F29} = {FFA8086E-9181-4452-9F83-FF1201FBADA1}
		{5C0E579B-82EC-41F4-AD60-3A249359E504} = {FFA8086E-9181-4452-9F83-FF1201FBADA1}
		{6D85115F-4B83-4A3C-ABC1-63F395EC3701} = {FFA8086E-9181-4452-9F83-FF1201FBADA1}
		{26CCFD43-002F-456B-8CA6-FF55E875A29E} = {FFA8086E-9181-4452-9F83-FF1201FBADA1}
		{E4E3B626-1795-4BF2-9995-1F87C52A5B70} = {FFA8086E-9181-4452-9F83-FF1201FBADA1}
		{168FFF8C-E643-449D-A85F-BC4757F3235D} = {AD4ABBC8-2F56-4941-88F9-B926A2481677}
		{290EF87F-AC3A-4765-BD7C-BC853B8BFDD0} = {AD4ABBC8-2F56-4941-88F9-B926A2481677}
		{70C310CB-B532-42ED-BC69-FAD191676297} = {C1C0F55A-A3E4-400F-A616-31B7B4D394E6}
		{A18248CA-490F-4014-96E9-D9F19B042EC5} = {C1C0F55A-A3E4-400F-A616-31B7B4D394E6}
		{03732DFA-493D-411D-B921-90372F567011} = {C1C0F55A-A3E4-400F-A616-31B7B4D394E6}
		{19EA7B0C-5693-40D5-B90C-611327D7F578} = {C1C0F55A-A3E4-400F-A616-31B7B4D394E6}
		{EEDDCF4A-55A6-4D80-9FDC-2C59F5FB3709} = {A1E85BA3-C0EF-4669-985A-04D95921B7A1}
		{5FD6B046-78E8-4186-A899-E6FED0C93816} = {A1E85BA3-C0EF-4669-985A-04D95921B7A1}
		{90863435-EA31-47AB-B866-FD7FAE15FCDA} = {A1E85BA3-C0EF-4669-985A-04D95921B7A1}
		{D2E4CD78-A28E-407C-8161-0E787F76144E} = {A1E85BA3-C0EF-4669-985A-04D95921B7A1}
		{198A1FA2-8A7F-47C3-B062-C23C59FD022A} = {A1E85BA3-C0EF-4669-985A-04D95921B7A1}
		{3AD5D289-1272-41F2-9288-8545BA49FC35} = {3E2F0566-8EE7-433A-8DE3-D769972895C8}
		{60565E3C-1A99-4B16-9841-1E3A9DD6FB2C} = {3E2F0566-8EE7-433A-8DE3-D769972895C8}
		{477039F8-F9EC-4220-9933-E81D24A3A788} = {FC038CE0-0290-4082-9F88-6F47EDEEE078}
		{275431C5-C0E8-4A97-982B-E68131C9F66E} = {FC038CE0-0290-4082-9F88-6F47EDEEE078}
	EndGlobalSection
	GlobalSection(ExtensibilityGlobals) = postSolution
		SolutionGuid = {005F12F3-55B2-40DC-A249-16A391604996}
	EndGlobalSection
EndGlobal
